# This file is autogenerated, do not edit; changes may be undone by the next 'dep ensure'.


[[projects]]
  name = "github.com/niski84/bam-file-replacer"
  packages = ["common/confighelper"]
  revision = "bf95e6547e8289cee6f0505f30f2e11c7b994a00"
  version = "1.1.1"

[solve-meta]
  analyzer-name = "dep"
  analyzer-version = 1
  inputs-digest = "158e788394a070b35b0406bed6523477de24f8dd3320c89c24df6d9a5940661d"
  solver-name = "gps-cdcl"
  solver-version = 1
